
Microsoft Visual Studio Solution File, Format Version 12.00
# Visual Studio 2013
VisualStudioVersion = 12.0.31101.0
MinimumVisualStudioVersion = 10.0.40219.1
Project("{FAE04EC0-301F-11D3-BF4B-00C04F79EFBC}") = "Compare advanced Maths", "Compare advanced Maths\Compare advanced Maths.csproj", "{541540BD-9BCE-4ADA-970F-9C253F2FD43F}"
EndProject
Global
	GlobalSection(SolutionConfigurationPlatforms) = preSolution
		Debug|Any CPU = Debug|Any CPU
		Release|Any CPU = Release|Any CPU
	EndGlobalSection
	GlobalSection(ProjectConfigurationPlatforms) = postSolution
		{541540BD-9BCE-4ADA-970F-9C253F2FD43F}.Debug|Any CPU.ActiveCfg = Debug|Any CPU
		{541540BD-9BCE-4ADA-970F-9C253F2FD43F}.Debug|Any CPU.Build.0 = Debug|Any CPU
		{541540BD-9BCE-4ADA-970F-9C253F2FD43F}.Release|Any CPU.ActiveCfg = Release|Any CPU
		{541540BD-9BCE-4ADA-970F-9C253F2FD43F}.Release|Any CPU.Build.0 = Release|Any CPU
	EndGlobalSection
	GlobalSection(SolutionProperties) = preSolution
		HideSolutionNode = FALSE
	EndGlobalSection
EndGlobal
