
Microsoft Visual Studio Solution File, Format Version 12.00
# Visual Studio 2012
Project("{FAE04EC0-301F-11D3-BF4B-00C04F79EFBC}") = "JS-HW-1", "JS-HW-1\JS-HW-1.csproj", "{8B163D36-C6D1-4F4A-A9EF-21987B37AEAA}"
EndProject
Global
	GlobalSection(SolutionConfigurationPlatforms) = preSolution
		Debug|Any CPU = Debug|Any CPU
		Release|Any CPU = Release|Any CPU
	EndGlobalSection
	GlobalSection(ProjectConfigurationPlatforms) = postSolution
		{8B163D36-C6D1-4F4A-A9EF-21987B37AEAA}.Debug|Any CPU.ActiveCfg = Debug|Any CPU
		{8B163D36-C6D1-4F4A-A9EF-21987B37AEAA}.Debug|Any CPU.Build.0 = Debug|Any CPU
		{8B163D36-C6D1-4F4A-A9EF-21987B37AEAA}.Release|Any CPU.ActiveCfg = Release|Any CPU
		{8B163D36-C6D1-4F4A-A9EF-21987B37AEAA}.Release|Any CPU.Build.0 = Release|Any CPU
	EndGlobalSection
	GlobalSection(SolutionProperties) = preSolution
		HideSolutionNode = FALSE
	EndGlobalSection
EndGlobal
