
Microsoft Visual Studio Solution File, Format Version 12.00
# Visual Studio 2013
VisualStudioVersion = 12.0.40629.0
MinimumVisualStudioVersion = 10.0.40219.1
Project("{FAE04EC0-301F-11D3-BF4B-00C04F79EFBC}") = "School", "School\School.csproj", "{1041996D-96FE-48A0-988C-5EBD7DD9EB26}"
EndProject
Project("{FAE04EC0-301F-11D3-BF4B-00C04F79EFBC}") = "School.Test", "School.Test\School.Test.csproj", "{6DA89566-E1D5-4121-8F16-E3EACB7DA6F4}"
EndProject
Global
	GlobalSection(SolutionConfigurationPlatforms) = preSolution
		Debug|Any CPU = Debug|Any CPU
		Release|Any CPU = Release|Any CPU
	EndGlobalSection
	GlobalSection(ProjectConfigurationPlatforms) = postSolution
		{1041996D-96FE-48A0-988C-5EBD7DD9EB26}.Debug|Any CPU.ActiveCfg = Debug|Any CPU
		{1041996D-96FE-48A0-988C-5EBD7DD9EB26}.Debug|Any CPU.Build.0 = Debug|Any CPU
		{1041996D-96FE-48A0-988C-5EBD7DD9EB26}.Release|Any CPU.ActiveCfg = Release|Any CPU
		{1041996D-96FE-48A0-988C-5EBD7DD9EB26}.Release|Any CPU.Build.0 = Release|Any CPU
		{6DA89566-E1D5-4121-8F16-E3EACB7DA6F4}.Debug|Any CPU.ActiveCfg = Debug|Any CPU
		{6DA89566-E1D5-4121-8F16-E3EACB7DA6F4}.Debug|Any CPU.Build.0 = Debug|Any CPU
		{6DA89566-E1D5-4121-8F16-E3EACB7DA6F4}.Release|Any CPU.ActiveCfg = Release|Any CPU
		{6DA89566-E1D5-4121-8F16-E3EACB7DA6F4}.Release|Any CPU.Build.0 = Release|Any CPU
	EndGlobalSection
	GlobalSection(SolutionProperties) = preSolution
		HideSolutionNode = FALSE
	EndGlobalSection
EndGlobal
