
Microsoft Visual Studio Solution File, Format Version 12.00
# Visual Studio 2013
VisualStudioVersion = 12.0.31101.0
MinimumVisualStudioVersion = 10.0.40219.1
Project("{E24C65DC-7377-472B-9ABA-BC803B73C61A}") = "Task1", "http://localhost:52275", "{C8C5266E-6B65-49C7-8F97-D9D366B1338E}"
	ProjectSection(WebsiteProperties) = preProject
		UseIISExpress = "true"
		TargetFrameworkMoniker = ".NETFramework,Version%3Dv4.5"
		Debug.AspNetCompiler.VirtualPath = "/localhost_52275"
		Debug.AspNetCompiler.PhysicalPath = "C:\Users\john\Task1\"
		Debug.AspNetCompiler.TargetPath = "PrecompiledWeb\localhost_52275\"
		Debug.AspNetCompiler.Updateable = "true"
		Debug.AspNetCompiler.ForceOverwrite = "true"
		Debug.AspNetCompiler.FixedNames = "false"
		Debug.AspNetCompiler.Debug = "True"
		Release.AspNetCompiler.VirtualPath = "/localhost_52275"
		Release.AspNetCompiler.PhysicalPath = "C:\Users\john\Task1\"
		Release.AspNetCompiler.TargetPath = "PrecompiledWeb\localhost_52275\"
		Release.AspNetCompiler.Updateable = "true"
		Release.AspNetCompiler.ForceOverwrite = "true"
		Release.AspNetCompiler.FixedNames = "false"
		Release.AspNetCompiler.Debug = "False"
		SlnRelativePath = "C:\Users\john\Task1\"
		DefaultWebSiteLanguage = "Visual C#"
	EndProjectSection
EndProject
Project("{E24C65DC-7377-472B-9ABA-BC803B73C61A}") = "final", "http://localhost:52401", "{E00BE2B0-945B-4F3D-BB76-EB48BBDCC7A2}"
	ProjectSection(WebsiteProperties) = preProject
		UseIISExpress = "true"
		TargetFrameworkMoniker = ".NETFramework,Version%3Dv4.5"
		Debug.AspNetCompiler.VirtualPath = "/localhost_52401"
		Debug.AspNetCompiler.PhysicalPath = "C:\Users\john\final\"
		Debug.AspNetCompiler.TargetPath = "PrecompiledWeb\localhost_52401\"
		Debug.AspNetCompiler.Updateable = "true"
		Debug.AspNetCompiler.ForceOverwrite = "true"
		Debug.AspNetCompiler.FixedNames = "false"
		Debug.AspNetCompiler.Debug = "True"
		Release.AspNetCompiler.VirtualPath = "/localhost_52401"
		Release.AspNetCompiler.PhysicalPath = "C:\Users\john\final\"
		Release.AspNetCompiler.TargetPath = "PrecompiledWeb\localhost_52401\"
		Release.AspNetCompiler.Updateable = "true"
		Release.AspNetCompiler.ForceOverwrite = "true"
		Release.AspNetCompiler.FixedNames = "false"
		Release.AspNetCompiler.Debug = "False"
		SlnRelativePath = "C:\Users\john\final\"
		DefaultWebSiteLanguage = "Visual C#"
	EndProjectSection
EndProject
Project("{E24C65DC-7377-472B-9ABA-BC803B73C61A}") = "Task2", "http://localhost:52442", "{F51B9AB2-69D0-4CAD-A0FF-29F2D1EA46DB}"
	ProjectSection(WebsiteProperties) = preProject
		UseIISExpress = "true"
		TargetFrameworkMoniker = ".NETFramework,Version%3Dv4.5"
		Debug.AspNetCompiler.VirtualPath = "/localhost_52442"
		Debug.AspNetCompiler.PhysicalPath = "C:\Users\john\Task2\"
		Debug.AspNetCompiler.TargetPath = "PrecompiledWeb\localhost_52442\"
		Debug.AspNetCompiler.Updateable = "true"
		Debug.AspNetCompiler.ForceOverwrite = "true"
		Debug.AspNetCompiler.FixedNames = "false"
		Debug.AspNetCompiler.Debug = "True"
		Release.AspNetCompiler.VirtualPath = "/localhost_52442"
		Release.AspNetCompiler.PhysicalPath = "C:\Users\john\Task2\"
		Release.AspNetCompiler.TargetPath = "PrecompiledWeb\localhost_52442\"
		Release.AspNetCompiler.Updateable = "true"
		Release.AspNetCompiler.ForceOverwrite = "true"
		Release.AspNetCompiler.FixedNames = "false"
		Release.AspNetCompiler.Debug = "False"
		SlnRelativePath = "C:\Users\john\Task2\"
		DefaultWebSiteLanguage = "Visual C#"
	EndProjectSection
EndProject
Global
	GlobalSection(SolutionConfigurationPlatforms) = preSolution
		Debug|Any CPU = Debug|Any CPU
	EndGlobalSection
	GlobalSection(ProjectConfigurationPlatforms) = postSolution
		{C8C5266E-6B65-49C7-8F97-D9D366B1338E}.Debug|Any CPU.ActiveCfg = Debug|Any CPU
		{C8C5266E-6B65-49C7-8F97-D9D366B1338E}.Debug|Any CPU.Build.0 = Debug|Any CPU
		{E00BE2B0-945B-4F3D-BB76-EB48BBDCC7A2}.Debug|Any CPU.ActiveCfg = Debug|Any CPU
		{E00BE2B0-945B-4F3D-BB76-EB48BBDCC7A2}.Debug|Any CPU.Build.0 = Debug|Any CPU
		{F51B9AB2-69D0-4CAD-A0FF-29F2D1EA46DB}.Debug|Any CPU.ActiveCfg = Debug|Any CPU
		{F51B9AB2-69D0-4CAD-A0FF-29F2D1EA46DB}.Debug|Any CPU.Build.0 = Debug|Any CPU
	EndGlobalSection
	GlobalSection(SolutionProperties) = preSolution
		HideSolutionNode = FALSE
	EndGlobalSection
EndGlobal
