
Microsoft Visual Studio Solution File, Format Version 12.00
# Visual Studio 2013
VisualStudioVersion = 12.0.31101.0
MinimumVisualStudioVersion = 10.0.40219.1
Project("{FAE04EC0-301F-11D3-BF4B-00C04F79EFBC}") = "01. Enigma Cat", "01. Enigma Cat\01. Enigma Cat.csproj", "{F0FA8E91-4354-40AD-A750-6DD4B3252043}"
EndProject
Project("{FAE04EC0-301F-11D3-BF4B-00C04F79EFBC}") = "02. Decreasing Absolute Differences", "02. Decreasing Absolute Differences\02. Decreasing Absolute Differences.csproj", "{3CBF6473-D350-495C-BDD8-DAA03B81B022}"
EndProject
Project("{FAE04EC0-301F-11D3-BF4B-00C04F79EFBC}") = "05. Cat Concert", "05. Cat Concert\05. Cat Concert.csproj", "{D61AA0E2-A792-44ED-9D53-7F22B19E972B}"
EndProject
Project("{FAE04EC0-301F-11D3-BF4B-00C04F79EFBC}") = "03. Lover of 2", "03. Lover of 2\03. Lover of 2.csproj", "{3B20C69C-9FBA-4D43-96D2-C72A1B154B3C}"
EndProject
Project("{FAE04EC0-301F-11D3-BF4B-00C04F79EFBC}") = "05. Variation try", "05. Variation try\05. Variation try.csproj", "{7AF9CA7C-03DE-4705-9687-6E4DF5988980}"
EndProject
Project("{FAE04EC0-301F-11D3-BF4B-00C04F79EFBC}") = "04. CatTaclizam", "04. CatTaclizam\04. CatTaclizam.csproj", "{1B0C1436-0619-4E78-A27B-8EBF7EC1FB05}"
EndProject
Global
	GlobalSection(SolutionConfigurationPlatforms) = preSolution
		Debug|Any CPU = Debug|Any CPU
		Release|Any CPU = Release|Any CPU
	EndGlobalSection
	GlobalSection(ProjectConfigurationPlatforms) = postSolution
		{F0FA8E91-4354-40AD-A750-6DD4B3252043}.Debug|Any CPU.ActiveCfg = Debug|Any CPU
		{F0FA8E91-4354-40AD-A750-6DD4B3252043}.Debug|Any CPU.Build.0 = Debug|Any CPU
		{F0FA8E91-4354-40AD-A750-6DD4B3252043}.Release|Any CPU.ActiveCfg = Release|Any CPU
		{F0FA8E91-4354-40AD-A750-6DD4B3252043}.Release|Any CPU.Build.0 = Release|Any CPU
		{3CBF6473-D350-495C-BDD8-DAA03B81B022}.Debug|Any CPU.ActiveCfg = Debug|Any CPU
		{3CBF6473-D350-495C-BDD8-DAA03B81B022}.Debug|Any CPU.Build.0 = Debug|Any CPU
		{3CBF6473-D350-495C-BDD8-DAA03B81B022}.Release|Any CPU.ActiveCfg = Release|Any CPU
		{3CBF6473-D350-495C-BDD8-DAA03B81B022}.Release|Any CPU.Build.0 = Release|Any CPU
		{D61AA0E2-A792-44ED-9D53-7F22B19E972B}.Debug|Any CPU.ActiveCfg = Debug|Any CPU
		{D61AA0E2-A792-44ED-9D53-7F22B19E972B}.Debug|Any CPU.Build.0 = Debug|Any CPU
		{D61AA0E2-A792-44ED-9D53-7F22B19E972B}.Release|Any CPU.ActiveCfg = Release|Any CPU
		{D61AA0E2-A792-44ED-9D53-7F22B19E972B}.Release|Any CPU.Build.0 = Release|Any CPU
		{3B20C69C-9FBA-4D43-96D2-C72A1B154B3C}.Debug|Any CPU.ActiveCfg = Debug|Any CPU
		{3B20C69C-9FBA-4D43-96D2-C72A1B154B3C}.Debug|Any CPU.Build.0 = Debug|Any CPU
		{3B20C69C-9FBA-4D43-96D2-C72A1B154B3C}.Release|Any CPU.ActiveCfg = Release|Any CPU
		{3B20C69C-9FBA-4D43-96D2-C72A1B154B3C}.Release|Any CPU.Build.0 = Release|Any CPU
		{7AF9CA7C-03DE-4705-9687-6E4DF5988980}.Debug|Any CPU.ActiveCfg = Debug|Any CPU
		{7AF9CA7C-03DE-4705-9687-6E4DF5988980}.Debug|Any CPU.Build.0 = Debug|Any CPU
		{7AF9CA7C-03DE-4705-9687-6E4DF5988980}.Release|Any CPU.ActiveCfg = Release|Any CPU
		{7AF9CA7C-03DE-4705-9687-6E4DF5988980}.Release|Any CPU.Build.0 = Release|Any CPU
		{1B0C1436-0619-4E78-A27B-8EBF7EC1FB05}.Debug|Any CPU.ActiveCfg = Debug|Any CPU
		{1B0C1436-0619-4E78-A27B-8EBF7EC1FB05}.Debug|Any CPU.Build.0 = Debug|Any CPU
		{1B0C1436-0619-4E78-A27B-8EBF7EC1FB05}.Release|Any CPU.ActiveCfg = Release|Any CPU
		{1B0C1436-0619-4E78-A27B-8EBF7EC1FB05}.Release|Any CPU.Build.0 = Release|Any CPU
	EndGlobalSection
	GlobalSection(SolutionProperties) = preSolution
		HideSolutionNode = FALSE
	EndGlobalSection
EndGlobal
