
Microsoft Visual Studio Solution File, Format Version 12.00
# Visual Studio 2013
VisualStudioVersion = 12.0.31101.0
MinimumVisualStudioVersion = 10.0.40219.1
Project("{FAE04EC0-301F-11D3-BF4B-00C04F79EFBC}") = "01.SandGlass", "SandGlass\01.SandGlass.csproj", "{5C84F5F7-9343-4373-AE08-3D88E81377D2}"
EndProject
Project("{FAE04EC0-301F-11D3-BF4B-00C04F79EFBC}") = "02.House", "House\02.House.csproj", "{BBF5FC71-4D18-47C4-87A5-4501381C1976}"
EndProject
Project("{FAE04EC0-301F-11D3-BF4B-00C04F79EFBC}") = "03.TelerikLogo", "03.TelerikLogo\03.TelerikLogo.csproj", "{A31925BB-2386-47E7-88CC-921946AFF55E}"
EndProject
Project("{FAE04EC0-301F-11D3-BF4B-00C04F79EFBC}") = "04.UKFlag", "04.UKFlag\04.UKFlag.csproj", "{6C7D539C-838F-4C1E-A68B-B8D3A6D17F1D}"
EndProject
Project("{FAE04EC0-301F-11D3-BF4B-00C04F79EFBC}") = "05.Carpet", "05.Carpet\05.Carpet.csproj", "{1338D907-80C4-46EB-901F-F3BABBB2678C}"
EndProject
Project("{FAE04EC0-301F-11D3-BF4B-00C04F79EFBC}") = "06.Fire", "06.Fire\06.Fire.csproj", "{F529473E-0046-4CF2-A4DC-458ADDD35AE3}"
EndProject
Project("{FAE04EC0-301F-11D3-BF4B-00C04F79EFBC}") = "07.NextDate", "07.NextDate\07.NextDate.csproj", "{CB5B36BE-E603-4E0B-9ECA-1E2136BB5864}"
EndProject
Project("{FAE04EC0-301F-11D3-BF4B-00C04F79EFBC}") = "08.Tribonacci Triangle", "08.Tribonacci Triangle\08.Tribonacci Triangle.csproj", "{240F5FE0-B03C-48A2-A52F-6959F9918B19}"
EndProject
Project("{FAE04EC0-301F-11D3-BF4B-00C04F79EFBC}") = "09.Sevenland Numbers", "09.Sevenland Numbers\09.Sevenland Numbers.csproj", "{7C63463D-2BF0-4B84-88B3-1E60E701A848}"
EndProject
Project("{FAE04EC0-301F-11D3-BF4B-00C04F79EFBC}") = "10.A-nacci", "10.A-nacci\10.A-nacci.csproj", "{F7788397-B776-440C-97D7-C727D8739CA9}"
EndProject
Project("{FAE04EC0-301F-11D3-BF4B-00C04F79EFBC}") = "11.BatGoikoTower", "11.BatGoikoTower\11.BatGoikoTower.csproj", "{A08D0B52-0AAB-4342-8C3D-7605539642AD}"
EndProject
Project("{FAE04EC0-301F-11D3-BF4B-00C04F79EFBC}") = "12.Forest Road", "12.Forest Road\12.Forest Road.csproj", "{A2BF0D11-CF53-49C3-951F-BBC524B2240F}"
EndProject
Project("{FAE04EC0-301F-11D3-BF4B-00C04F79EFBC}") = "13.Trapezoid", "13.Trapezoid\13.Trapezoid.csproj", "{A2D20D55-B09A-4E0F-BCCC-04ED2B035317}"
EndProject
Project("{FAE04EC0-301F-11D3-BF4B-00C04F79EFBC}") = "14.Fir Tree", "14.Fir Tree\14.Fir Tree.csproj", "{356ECE4F-9D90-4CEE-87C9-F0D5E111CC04}"
EndProject
Project("{FAE04EC0-301F-11D3-BF4B-00C04F79EFBC}") = "15.Astrological Digits", "15.Astrological Digits\15.Astrological Digits.csproj", "{A91A621C-3F68-4BB4-B517-68641BAE4304}"
EndProject
Project("{FAE04EC0-301F-11D3-BF4B-00C04F79EFBC}") = "16.Tribonacci", "16.Tribonacci\16.Tribonacci.csproj", "{25BB76F5-98D7-40BE-8A7E-032E4427F690}"
EndProject
Project("{FAE04EC0-301F-11D3-BF4B-00C04F79EFBC}") = "17.Quadronacci Rectangle", "17.Quadronacci Rectangle\17.Quadronacci Rectangle.csproj", "{61D7C3C2-DFAF-4A04-A64A-324C4AE5680D}"
EndProject
Project("{FAE04EC0-301F-11D3-BF4B-00C04F79EFBC}") = "11.A-nacii 2", "11.A-nacii 2\11.A-nacii 2.csproj", "{1AB275A6-BC33-4177-BF93-2EB2D90C2080}"
EndProject
Project("{FAE04EC0-301F-11D3-BF4B-00C04F79EFBC}") = "18. Garden", "18. Garden\18. Garden.csproj", "{456C4630-433B-40D5-8612-039158D11918}"
EndProject
Project("{FAE04EC0-301F-11D3-BF4B-00C04F79EFBC}") = "19. Coffee Machine", "19. Coffee Machine\19. Coffee Machine.csproj", "{BE79CD6B-03EC-49F5-B725-D0E28C856A8A}"
EndProject
Project("{FAE04EC0-301F-11D3-BF4B-00C04F79EFBC}") = "20. Cartesian Coordinate System", "20. Cartesian Coordinate System\20. Cartesian Coordinate System.csproj", "{C1B5CC11-DF0C-4BD5-8043-4C73AAEF6C68}"
EndProject
Project("{FAE04EC0-301F-11D3-BF4B-00C04F79EFBC}") = "21.OddNumber", "21.OddNumber\21.OddNumber.csproj", "{0BB1DDAC-FEAB-4937-83D5-98EEAD9C0D5B}"
EndProject
Project("{FAE04EC0-301F-11D3-BF4B-00C04F79EFBC}") = "22.BinaryDigitsCount", "22.BinaryDigitsCount\22.BinaryDigitsCount.csproj", "{53AC45FE-EA3D-4BF4-8098-E6E1AE0CCF65}"
EndProject
Project("{FAE04EC0-301F-11D3-BF4B-00C04F79EFBC}") = "23.MissCat", "23.MissCat\23.MissCat.csproj", "{98B4A3D4-50CB-4318-BFBB-72653B036524}"
EndProject
Project("{FAE04EC0-301F-11D3-BF4B-00C04F79EFBC}") = "24.WeAllLoveBits!", "24.WeAllLoveBits!\24.WeAllLoveBits!.csproj", "{1D670529-4A91-4722-84BA-A9A4E2B735D8}"
EndProject
Project("{FAE04EC0-301F-11D3-BF4B-00C04F79EFBC}") = "25.DancingBits", "25.DancingBits\25.DancingBits.csproj", "{E433F2F4-7AEC-42F4-8D5E-AC5FBAF95A41}"
EndProject
Project("{FAE04EC0-301F-11D3-BF4B-00C04F79EFBC}") = "26.TripleRotationOfDigits", "26.TripleRotationOfDigits\26.TripleRotationOfDigits.csproj", "{B405706E-7455-4485-B7F6-8E1D16AF98F9}"
EndProject
Project("{FAE04EC0-301F-11D3-BF4B-00C04F79EFBC}") = "27.MathExpression", "27.MathExpression\27.MathExpression.csproj", "{B8BC807B-C172-48B2-8D98-62358587A7B8}"
EndProject
Project("{FAE04EC0-301F-11D3-BF4B-00C04F79EFBC}") = "28_LeastMajorityMultiply", "28_LeastMajorityMultiply\28_LeastMajorityMultiply.csproj", "{D706FE9B-26EB-4275-82B8-EAF6B74844F0}"
EndProject
Project("{FAE04EC0-301F-11D3-BF4B-00C04F79EFBC}") = "29.ShipDamage", "29.ShipDamage\29.ShipDamage.csproj", "{69C8BAAF-E166-4505-ABBA-C21E5FE3AED3}"
EndProject
Project("{FAE04EC0-301F-11D3-BF4B-00C04F79EFBC}") = "30.FighterAttact", "30.FighterAttact\30.FighterAttact.csproj", "{6B333F5F-A26F-4C0D-A926-72DE0E8835E0}"
EndProject
Project("{FAE04EC0-301F-11D3-BF4B-00C04F79EFBC}") = "31.Sheets", "31.Sheets\31.Sheets.csproj", "{57D0F1AA-CC78-426E-88A2-D7D9752089B4}"
EndProject
Project("{FAE04EC0-301F-11D3-BF4B-00C04F79EFBC}") = "32.ExcelColumns", "32.ExcelColumns\32.ExcelColumns.csproj", "{0A67298A-36D2-4294-89A9-264BFE9F44AB}"
EndProject
Project("{FAE04EC0-301F-11D3-BF4B-00C04F79EFBC}") = "33.Poker", "33.Poker\33.Poker.csproj", "{A7318A6D-C31A-4056-9F67-A0F80C9BB09C}"
EndProject
Project("{FAE04EC0-301F-11D3-BF4B-00C04F79EFBC}") = "34.DrunkenNumbers", "34.DrunkenNumbers\34.DrunkenNumbers.csproj", "{510EBC8F-4A72-4F73-86D7-D56740755006}"
EndProject
Project("{FAE04EC0-301F-11D3-BF4B-00C04F79EFBC}") = "35.Secrets", "35.Secrets\35.Secrets.csproj", "{CA60CA85-1FFF-4E83-9250-208791794551}"
EndProject
Project("{FAE04EC0-301F-11D3-BF4B-00C04F79EFBC}") = "36.BullsAndCows", "36.BullsAndCows\36.BullsAndCows.csproj", "{3C9CF001-1984-4FD4-9609-2D1294795586}"
EndProject
Project("{FAE04EC0-301F-11D3-BF4B-00C04F79EFBC}") = "37.CardWarsBatka", "37.CardWarsBatka\37.CardWarsBatka.csproj", "{0BFF8144-5F96-49E1-92A2-04D96E5E4254}"
EndProject
Project("{FAE04EC0-301F-11D3-BF4B-00C04F79EFBC}") = "38.PieceOfCake", "38.PieceOfCake\38.PieceOfCake.csproj", "{FF13EC9D-114D-435E-9C0E-83487A7CFA82}"
EndProject
Project("{FAE04EC0-301F-11D3-BF4B-00C04F79EFBC}") = "39.AngryFemaleGPS", "39.AngryFemaleGPS\39.AngryFemaleGPS.csproj", "{F988A8E1-0DC9-4522-B701-A16C7EF86E74}"
EndProject
Project("{FAE04EC0-301F-11D3-BF4B-00C04F79EFBC}") = "40.OnesAndZeros", "40.OnesAndZeros\40.OnesAndZeros.csproj", "{B9EAC1AF-1B64-41D2-883D-F6B83A39BE23}"
EndProject
Project("{FAE04EC0-301F-11D3-BF4B-00C04F79EFBC}") = "41.Eggcelent", "41.Eggcelent\41.Eggcelent.csproj", "{CC2D2511-7EAA-43DE-A946-E0F4E8BA85CC}"
EndProject
Project("{FAE04EC0-301F-11D3-BF4B-00C04F79EFBC}") = "42.Enigmanation", "42.Enigmanation\42.Enigmanation.csproj", "{D66150C2-9103-414F-B1FE-03D24712D6E7}"
EndProject
Project("{FAE04EC0-301F-11D3-BF4B-00C04F79EFBC}") = "43.GameOfPage", "43.GameOfPage\43.GameOfPage.csproj", "{A3250714-0DAD-422C-8203-6136542B8EFC}"
EndProject
Global
	GlobalSection(SolutionConfigurationPlatforms) = preSolution
		Debug|Any CPU = Debug|Any CPU
		Release|Any CPU = Release|Any CPU
	EndGlobalSection
	GlobalSection(ProjectConfigurationPlatforms) = postSolution
		{5C84F5F7-9343-4373-AE08-3D88E81377D2}.Debug|Any CPU.ActiveCfg = Debug|Any CPU
		{5C84F5F7-9343-4373-AE08-3D88E81377D2}.Debug|Any CPU.Build.0 = Debug|Any CPU
		{5C84F5F7-9343-4373-AE08-3D88E81377D2}.Release|Any CPU.ActiveCfg = Release|Any CPU
		{5C84F5F7-9343-4373-AE08-3D88E81377D2}.Release|Any CPU.Build.0 = Release|Any CPU
		{BBF5FC71-4D18-47C4-87A5-4501381C1976}.Debug|Any CPU.ActiveCfg = Debug|Any CPU
		{BBF5FC71-4D18-47C4-87A5-4501381C1976}.Debug|Any CPU.Build.0 = Debug|Any CPU
		{BBF5FC71-4D18-47C4-87A5-4501381C1976}.Release|Any CPU.ActiveCfg = Release|Any CPU
		{BBF5FC71-4D18-47C4-87A5-4501381C1976}.Release|Any CPU.Build.0 = Release|Any CPU
		{A31925BB-2386-47E7-88CC-921946AFF55E}.Debug|Any CPU.ActiveCfg = Debug|Any CPU
		{A31925BB-2386-47E7-88CC-921946AFF55E}.Debug|Any CPU.Build.0 = Debug|Any CPU
		{A31925BB-2386-47E7-88CC-921946AFF55E}.Release|Any CPU.ActiveCfg = Release|Any CPU
		{A31925BB-2386-47E7-88CC-921946AFF55E}.Release|Any CPU.Build.0 = Release|Any CPU
		{6C7D539C-838F-4C1E-A68B-B8D3A6D17F1D}.Debug|Any CPU.ActiveCfg = Debug|Any CPU
		{6C7D539C-838F-4C1E-A68B-B8D3A6D17F1D}.Debug|Any CPU.Build.0 = Debug|Any CPU
		{6C7D539C-838F-4C1E-A68B-B8D3A6D17F1D}.Release|Any CPU.ActiveCfg = Release|Any CPU
		{6C7D539C-838F-4C1E-A68B-B8D3A6D17F1D}.Release|Any CPU.Build.0 = Release|Any CPU
		{1338D907-80C4-46EB-901F-F3BABBB2678C}.Debug|Any CPU.ActiveCfg = Debug|Any CPU
		{1338D907-80C4-46EB-901F-F3BABBB2678C}.Debug|Any CPU.Build.0 = Debug|Any CPU
		{1338D907-80C4-46EB-901F-F3BABBB2678C}.Release|Any CPU.ActiveCfg = Release|Any CPU
		{1338D907-80C4-46EB-901F-F3BABBB2678C}.Release|Any CPU.Build.0 = Release|Any CPU
		{F529473E-0046-4CF2-A4DC-458ADDD35AE3}.Debug|Any CPU.ActiveCfg = Debug|Any CPU
		{F529473E-0046-4CF2-A4DC-458ADDD35AE3}.Debug|Any CPU.Build.0 = Debug|Any CPU
		{F529473E-0046-4CF2-A4DC-458ADDD35AE3}.Release|Any CPU.ActiveCfg = Release|Any CPU
		{F529473E-0046-4CF2-A4DC-458ADDD35AE3}.Release|Any CPU.Build.0 = Release|Any CPU
		{CB5B36BE-E603-4E0B-9ECA-1E2136BB5864}.Debug|Any CPU.ActiveCfg = Debug|Any CPU
		{CB5B36BE-E603-4E0B-9ECA-1E2136BB5864}.Debug|Any CPU.Build.0 = Debug|Any CPU
		{CB5B36BE-E603-4E0B-9ECA-1E2136BB5864}.Release|Any CPU.ActiveCfg = Release|Any CPU
		{CB5B36BE-E603-4E0B-9ECA-1E2136BB5864}.Release|Any CPU.Build.0 = Release|Any CPU
		{240F5FE0-B03C-48A2-A52F-6959F9918B19}.Debug|Any CPU.ActiveCfg = Debug|Any CPU
		{240F5FE0-B03C-48A2-A52F-6959F9918B19}.Debug|Any CPU.Build.0 = Debug|Any CPU
		{240F5FE0-B03C-48A2-A52F-6959F9918B19}.Release|Any CPU.ActiveCfg = Release|Any CPU
		{240F5FE0-B03C-48A2-A52F-6959F9918B19}.Release|Any CPU.Build.0 = Release|Any CPU
		{7C63463D-2BF0-4B84-88B3-1E60E701A848}.Debug|Any CPU.ActiveCfg = Debug|Any CPU
		{7C63463D-2BF0-4B84-88B3-1E60E701A848}.Debug|Any CPU.Build.0 = Debug|Any CPU
		{7C63463D-2BF0-4B84-88B3-1E60E701A848}.Release|Any CPU.ActiveCfg = Release|Any CPU
		{7C63463D-2BF0-4B84-88B3-1E60E701A848}.Release|Any CPU.Build.0 = Release|Any CPU
		{F7788397-B776-440C-97D7-C727D8739CA9}.Debug|Any CPU.ActiveCfg = Debug|Any CPU
		{F7788397-B776-440C-97D7-C727D8739CA9}.Debug|Any CPU.Build.0 = Debug|Any CPU
		{F7788397-B776-440C-97D7-C727D8739CA9}.Release|Any CPU.ActiveCfg = Release|Any CPU
		{F7788397-B776-440C-97D7-C727D8739CA9}.Release|Any CPU.Build.0 = Release|Any CPU
		{A08D0B52-0AAB-4342-8C3D-7605539642AD}.Debug|Any CPU.ActiveCfg = Debug|Any CPU
		{A08D0B52-0AAB-4342-8C3D-7605539642AD}.Debug|Any CPU.Build.0 = Debug|Any CPU
		{A08D0B52-0AAB-4342-8C3D-7605539642AD}.Release|Any CPU.ActiveCfg = Release|Any CPU
		{A08D0B52-0AAB-4342-8C3D-7605539642AD}.Release|Any CPU.Build.0 = Release|Any CPU
		{A2BF0D11-CF53-49C3-951F-BBC524B2240F}.Debug|Any CPU.ActiveCfg = Debug|Any CPU
		{A2BF0D11-CF53-49C3-951F-BBC524B2240F}.Debug|Any CPU.Build.0 = Debug|Any CPU
		{A2BF0D11-CF53-49C3-951F-BBC524B2240F}.Release|Any CPU.ActiveCfg = Release|Any CPU
		{A2BF0D11-CF53-49C3-951F-BBC524B2240F}.Release|Any CPU.Build.0 = Release|Any CPU
		{A2D20D55-B09A-4E0F-BCCC-04ED2B035317}.Debug|Any CPU.ActiveCfg = Debug|Any CPU
		{A2D20D55-B09A-4E0F-BCCC-04ED2B035317}.Debug|Any CPU.Build.0 = Debug|Any CPU
		{A2D20D55-B09A-4E0F-BCCC-04ED2B035317}.Release|Any CPU.ActiveCfg = Release|Any CPU
		{A2D20D55-B09A-4E0F-BCCC-04ED2B035317}.Release|Any CPU.Build.0 = Release|Any CPU
		{356ECE4F-9D90-4CEE-87C9-F0D5E111CC04}.Debug|Any CPU.ActiveCfg = Debug|Any CPU
		{356ECE4F-9D90-4CEE-87C9-F0D5E111CC04}.Debug|Any CPU.Build.0 = Debug|Any CPU
		{356ECE4F-9D90-4CEE-87C9-F0D5E111CC04}.Release|Any CPU.ActiveCfg = Release|Any CPU
		{356ECE4F-9D90-4CEE-87C9-F0D5E111CC04}.Release|Any CPU.Build.0 = Release|Any CPU
		{A91A621C-3F68-4BB4-B517-68641BAE4304}.Debug|Any CPU.ActiveCfg = Debug|Any CPU
		{A91A621C-3F68-4BB4-B517-68641BAE4304}.Debug|Any CPU.Build.0 = Debug|Any CPU
		{A91A621C-3F68-4BB4-B517-68641BAE4304}.Release|Any CPU.ActiveCfg = Release|Any CPU
		{A91A621C-3F68-4BB4-B517-68641BAE4304}.Release|Any CPU.Build.0 = Release|Any CPU
		{25BB76F5-98D7-40BE-8A7E-032E4427F690}.Debug|Any CPU.ActiveCfg = Debug|Any CPU
		{25BB76F5-98D7-40BE-8A7E-032E4427F690}.Debug|Any CPU.Build.0 = Debug|Any CPU
		{25BB76F5-98D7-40BE-8A7E-032E4427F690}.Release|Any CPU.ActiveCfg = Release|Any CPU
		{25BB76F5-98D7-40BE-8A7E-032E4427F690}.Release|Any CPU.Build.0 = Release|Any CPU
		{61D7C3C2-DFAF-4A04-A64A-324C4AE5680D}.Debug|Any CPU.ActiveCfg = Debug|Any CPU
		{61D7C3C2-DFAF-4A04-A64A-324C4AE5680D}.Debug|Any CPU.Build.0 = Debug|Any CPU
		{61D7C3C2-DFAF-4A04-A64A-324C4AE5680D}.Release|Any CPU.ActiveCfg = Release|Any CPU
		{61D7C3C2-DFAF-4A04-A64A-324C4AE5680D}.Release|Any CPU.Build.0 = Release|Any CPU
		{1AB275A6-BC33-4177-BF93-2EB2D90C2080}.Debug|Any CPU.ActiveCfg = Debug|Any CPU
		{1AB275A6-BC33-4177-BF93-2EB2D90C2080}.Debug|Any CPU.Build.0 = Debug|Any CPU
		{1AB275A6-BC33-4177-BF93-2EB2D90C2080}.Release|Any CPU.ActiveCfg = Release|Any CPU
		{1AB275A6-BC33-4177-BF93-2EB2D90C2080}.Release|Any CPU.Build.0 = Release|Any CPU
		{456C4630-433B-40D5-8612-039158D11918}.Debug|Any CPU.ActiveCfg = Debug|Any CPU
		{456C4630-433B-40D5-8612-039158D11918}.Debug|Any CPU.Build.0 = Debug|Any CPU
		{456C4630-433B-40D5-8612-039158D11918}.Release|Any CPU.ActiveCfg = Release|Any CPU
		{456C4630-433B-40D5-8612-039158D11918}.Release|Any CPU.Build.0 = Release|Any CPU
		{BE79CD6B-03EC-49F5-B725-D0E28C856A8A}.Debug|Any CPU.ActiveCfg = Debug|Any CPU
		{BE79CD6B-03EC-49F5-B725-D0E28C856A8A}.Debug|Any CPU.Build.0 = Debug|Any CPU
		{BE79CD6B-03EC-49F5-B725-D0E28C856A8A}.Release|Any CPU.ActiveCfg = Release|Any CPU
		{BE79CD6B-03EC-49F5-B725-D0E28C856A8A}.Release|Any CPU.Build.0 = Release|Any CPU
		{C1B5CC11-DF0C-4BD5-8043-4C73AAEF6C68}.Debug|Any CPU.ActiveCfg = Debug|Any CPU
		{C1B5CC11-DF0C-4BD5-8043-4C73AAEF6C68}.Debug|Any CPU.Build.0 = Debug|Any CPU
		{C1B5CC11-DF0C-4BD5-8043-4C73AAEF6C68}.Release|Any CPU.ActiveCfg = Release|Any CPU
		{C1B5CC11-DF0C-4BD5-8043-4C73AAEF6C68}.Release|Any CPU.Build.0 = Release|Any CPU
		{0BB1DDAC-FEAB-4937-83D5-98EEAD9C0D5B}.Debug|Any CPU.ActiveCfg = Debug|Any CPU
		{0BB1DDAC-FEAB-4937-83D5-98EEAD9C0D5B}.Debug|Any CPU.Build.0 = Debug|Any CPU
		{0BB1DDAC-FEAB-4937-83D5-98EEAD9C0D5B}.Release|Any CPU.ActiveCfg = Release|Any CPU
		{0BB1DDAC-FEAB-4937-83D5-98EEAD9C0D5B}.Release|Any CPU.Build.0 = Release|Any CPU
		{53AC45FE-EA3D-4BF4-8098-E6E1AE0CCF65}.Debug|Any CPU.ActiveCfg = Debug|Any CPU
		{53AC45FE-EA3D-4BF4-8098-E6E1AE0CCF65}.Debug|Any CPU.Build.0 = Debug|Any CPU
		{53AC45FE-EA3D-4BF4-8098-E6E1AE0CCF65}.Release|Any CPU.ActiveCfg = Release|Any CPU
		{53AC45FE-EA3D-4BF4-8098-E6E1AE0CCF65}.Release|Any CPU.Build.0 = Release|Any CPU
		{98B4A3D4-50CB-4318-BFBB-72653B036524}.Debug|Any CPU.ActiveCfg = Debug|Any CPU
		{98B4A3D4-50CB-4318-BFBB-72653B036524}.Debug|Any CPU.Build.0 = Debug|Any CPU
		{98B4A3D4-50CB-4318-BFBB-72653B036524}.Release|Any CPU.ActiveCfg = Release|Any CPU
		{98B4A3D4-50CB-4318-BFBB-72653B036524}.Release|Any CPU.Build.0 = Release|Any CPU
		{1D670529-4A91-4722-84BA-A9A4E2B735D8}.Debug|Any CPU.ActiveCfg = Debug|Any CPU
		{1D670529-4A91-4722-84BA-A9A4E2B735D8}.Debug|Any CPU.Build.0 = Debug|Any CPU
		{1D670529-4A91-4722-84BA-A9A4E2B735D8}.Release|Any CPU.ActiveCfg = Release|Any CPU
		{1D670529-4A91-4722-84BA-A9A4E2B735D8}.Release|Any CPU.Build.0 = Release|Any CPU
		{E433F2F4-7AEC-42F4-8D5E-AC5FBAF95A41}.Debug|Any CPU.ActiveCfg = Debug|Any CPU
		{E433F2F4-7AEC-42F4-8D5E-AC5FBAF95A41}.Debug|Any CPU.Build.0 = Debug|Any CPU
		{E433F2F4-7AEC-42F4-8D5E-AC5FBAF95A41}.Release|Any CPU.ActiveCfg = Release|Any CPU
		{E433F2F4-7AEC-42F4-8D5E-AC5FBAF95A41}.Release|Any CPU.Build.0 = Release|Any CPU
		{B405706E-7455-4485-B7F6-8E1D16AF98F9}.Debug|Any CPU.ActiveCfg = Debug|Any CPU
		{B405706E-7455-4485-B7F6-8E1D16AF98F9}.Debug|Any CPU.Build.0 = Debug|Any CPU
		{B405706E-7455-4485-B7F6-8E1D16AF98F9}.Release|Any CPU.ActiveCfg = Release|Any CPU
		{B405706E-7455-4485-B7F6-8E1D16AF98F9}.Release|Any CPU.Build.0 = Release|Any CPU
		{B8BC807B-C172-48B2-8D98-62358587A7B8}.Debug|Any CPU.ActiveCfg = Debug|Any CPU
		{B8BC807B-C172-48B2-8D98-62358587A7B8}.Debug|Any CPU.Build.0 = Debug|Any CPU
		{B8BC807B-C172-48B2-8D98-62358587A7B8}.Release|Any CPU.ActiveCfg = Release|Any CPU
		{B8BC807B-C172-48B2-8D98-62358587A7B8}.Release|Any CPU.Build.0 = Release|Any CPU
		{D706FE9B-26EB-4275-82B8-EAF6B74844F0}.Debug|Any CPU.ActiveCfg = Debug|Any CPU
		{D706FE9B-26EB-4275-82B8-EAF6B74844F0}.Debug|Any CPU.Build.0 = Debug|Any CPU
		{D706FE9B-26EB-4275-82B8-EAF6B74844F0}.Release|Any CPU.ActiveCfg = Release|Any CPU
		{D706FE9B-26EB-4275-82B8-EAF6B74844F0}.Release|Any CPU.Build.0 = Release|Any CPU
		{69C8BAAF-E166-4505-ABBA-C21E5FE3AED3}.Debug|Any CPU.ActiveCfg = Debug|Any CPU
		{69C8BAAF-E166-4505-ABBA-C21E5FE3AED3}.Debug|Any CPU.Build.0 = Debug|Any CPU
		{69C8BAAF-E166-4505-ABBA-C21E5FE3AED3}.Release|Any CPU.ActiveCfg = Release|Any CPU
		{69C8BAAF-E166-4505-ABBA-C21E5FE3AED3}.Release|Any CPU.Build.0 = Release|Any CPU
		{6B333F5F-A26F-4C0D-A926-72DE0E8835E0}.Debug|Any CPU.ActiveCfg = Debug|Any CPU
		{6B333F5F-A26F-4C0D-A926-72DE0E8835E0}.Debug|Any CPU.Build.0 = Debug|Any CPU
		{6B333F5F-A26F-4C0D-A926-72DE0E8835E0}.Release|Any CPU.ActiveCfg = Release|Any CPU
		{6B333F5F-A26F-4C0D-A926-72DE0E8835E0}.Release|Any CPU.Build.0 = Release|Any CPU
		{57D0F1AA-CC78-426E-88A2-D7D9752089B4}.Debug|Any CPU.ActiveCfg = Debug|Any CPU
		{57D0F1AA-CC78-426E-88A2-D7D9752089B4}.Debug|Any CPU.Build.0 = Debug|Any CPU
		{57D0F1AA-CC78-426E-88A2-D7D9752089B4}.Release|Any CPU.ActiveCfg = Release|Any CPU
		{57D0F1AA-CC78-426E-88A2-D7D9752089B4}.Release|Any CPU.Build.0 = Release|Any CPU
		{0A67298A-36D2-4294-89A9-264BFE9F44AB}.Debug|Any CPU.ActiveCfg = Debug|Any CPU
		{0A67298A-36D2-4294-89A9-264BFE9F44AB}.Debug|Any CPU.Build.0 = Debug|Any CPU
		{0A67298A-36D2-4294-89A9-264BFE9F44AB}.Release|Any CPU.ActiveCfg = Release|Any CPU
		{0A67298A-36D2-4294-89A9-264BFE9F44AB}.Release|Any CPU.Build.0 = Release|Any CPU
		{A7318A6D-C31A-4056-9F67-A0F80C9BB09C}.Debug|Any CPU.ActiveCfg = Debug|Any CPU
		{A7318A6D-C31A-4056-9F67-A0F80C9BB09C}.Debug|Any CPU.Build.0 = Debug|Any CPU
		{A7318A6D-C31A-4056-9F67-A0F80C9BB09C}.Release|Any CPU.ActiveCfg = Release|Any CPU
		{A7318A6D-C31A-4056-9F67-A0F80C9BB09C}.Release|Any CPU.Build.0 = Release|Any CPU
		{510EBC8F-4A72-4F73-86D7-D56740755006}.Debug|Any CPU.ActiveCfg = Debug|Any CPU
		{510EBC8F-4A72-4F73-86D7-D56740755006}.Debug|Any CPU.Build.0 = Debug|Any CPU
		{510EBC8F-4A72-4F73-86D7-D56740755006}.Release|Any CPU.ActiveCfg = Release|Any CPU
		{510EBC8F-4A72-4F73-86D7-D56740755006}.Release|Any CPU.Build.0 = Release|Any CPU
		{CA60CA85-1FFF-4E83-9250-208791794551}.Debug|Any CPU.ActiveCfg = Debug|Any CPU
		{CA60CA85-1FFF-4E83-9250-208791794551}.Debug|Any CPU.Build.0 = Debug|Any CPU
		{CA60CA85-1FFF-4E83-9250-208791794551}.Release|Any CPU.ActiveCfg = Release|Any CPU
		{CA60CA85-1FFF-4E83-9250-208791794551}.Release|Any CPU.Build.0 = Release|Any CPU
		{3C9CF001-1984-4FD4-9609-2D1294795586}.Debug|Any CPU.ActiveCfg = Debug|Any CPU
		{3C9CF001-1984-4FD4-9609-2D1294795586}.Debug|Any CPU.Build.0 = Debug|Any CPU
		{3C9CF001-1984-4FD4-9609-2D1294795586}.Release|Any CPU.ActiveCfg = Release|Any CPU
		{3C9CF001-1984-4FD4-9609-2D1294795586}.Release|Any CPU.Build.0 = Release|Any CPU
		{0BFF8144-5F96-49E1-92A2-04D96E5E4254}.Debug|Any CPU.ActiveCfg = Debug|Any CPU
		{0BFF8144-5F96-49E1-92A2-04D96E5E4254}.Debug|Any CPU.Build.0 = Debug|Any CPU
		{0BFF8144-5F96-49E1-92A2-04D96E5E4254}.Release|Any CPU.ActiveCfg = Release|Any CPU
		{0BFF8144-5F96-49E1-92A2-04D96E5E4254}.Release|Any CPU.Build.0 = Release|Any CPU
		{FF13EC9D-114D-435E-9C0E-83487A7CFA82}.Debug|Any CPU.ActiveCfg = Debug|Any CPU
		{FF13EC9D-114D-435E-9C0E-83487A7CFA82}.Debug|Any CPU.Build.0 = Debug|Any CPU
		{FF13EC9D-114D-435E-9C0E-83487A7CFA82}.Release|Any CPU.ActiveCfg = Release|Any CPU
		{FF13EC9D-114D-435E-9C0E-83487A7CFA82}.Release|Any CPU.Build.0 = Release|Any CPU
		{F988A8E1-0DC9-4522-B701-A16C7EF86E74}.Debug|Any CPU.ActiveCfg = Debug|Any CPU
		{F988A8E1-0DC9-4522-B701-A16C7EF86E74}.Debug|Any CPU.Build.0 = Debug|Any CPU
		{F988A8E1-0DC9-4522-B701-A16C7EF86E74}.Release|Any CPU.ActiveCfg = Release|Any CPU
		{F988A8E1-0DC9-4522-B701-A16C7EF86E74}.Release|Any CPU.Build.0 = Release|Any CPU
		{B9EAC1AF-1B64-41D2-883D-F6B83A39BE23}.Debug|Any CPU.ActiveCfg = Debug|Any CPU
		{B9EAC1AF-1B64-41D2-883D-F6B83A39BE23}.Debug|Any CPU.Build.0 = Debug|Any CPU
		{B9EAC1AF-1B64-41D2-883D-F6B83A39BE23}.Release|Any CPU.ActiveCfg = Release|Any CPU
		{B9EAC1AF-1B64-41D2-883D-F6B83A39BE23}.Release|Any CPU.Build.0 = Release|Any CPU
		{CC2D2511-7EAA-43DE-A946-E0F4E8BA85CC}.Debug|Any CPU.ActiveCfg = Debug|Any CPU
		{CC2D2511-7EAA-43DE-A946-E0F4E8BA85CC}.Debug|Any CPU.Build.0 = Debug|Any CPU
		{CC2D2511-7EAA-43DE-A946-E0F4E8BA85CC}.Release|Any CPU.ActiveCfg = Release|Any CPU
		{CC2D2511-7EAA-43DE-A946-E0F4E8BA85CC}.Release|Any CPU.Build.0 = Release|Any CPU
		{D66150C2-9103-414F-B1FE-03D24712D6E7}.Debug|Any CPU.ActiveCfg = Debug|Any CPU
		{D66150C2-9103-414F-B1FE-03D24712D6E7}.Debug|Any CPU.Build.0 = Debug|Any CPU
		{D66150C2-9103-414F-B1FE-03D24712D6E7}.Release|Any CPU.ActiveCfg = Release|Any CPU
		{D66150C2-9103-414F-B1FE-03D24712D6E7}.Release|Any CPU.Build.0 = Release|Any CPU
		{A3250714-0DAD-422C-8203-6136542B8EFC}.Debug|Any CPU.ActiveCfg = Debug|Any CPU
		{A3250714-0DAD-422C-8203-6136542B8EFC}.Debug|Any CPU.Build.0 = Debug|Any CPU
		{A3250714-0DAD-422C-8203-6136542B8EFC}.Release|Any CPU.ActiveCfg = Release|Any CPU
		{A3250714-0DAD-422C-8203-6136542B8EFC}.Release|Any CPU.Build.0 = Release|Any CPU
	EndGlobalSection
	GlobalSection(SolutionProperties) = preSolution
		HideSolutionNode = FALSE
	EndGlobalSection
EndGlobal
