
Microsoft Visual Studio Solution File, Format Version 12.00
# Visual Studio 2013
VisualStudioVersion = 12.0.31101.0
MinimumVisualStudioVersion = 10.0.40219.1
Project("{FAE04EC0-301F-11D3-BF4B-00C04F79EFBC}") = "01_ABCDescr", "01_ABCDescr\01_ABCDescr.csproj", "{FC05CF53-5EF7-4A41-98CB-FA97241FD5B3}"
EndProject
Project("{FAE04EC0-301F-11D3-BF4B-00C04F79EFBC}") = "02_SymbolToNumber", "02_SymbolToNumber\02_SymbolToNumber.csproj", "{AB541B28-1C3B-499F-8F3D-4CBE0A7426C2}"
EndProject
Project("{FAE04EC0-301F-11D3-BF4B-00C04F79EFBC}") = "03_ConsoleApplication2", "03_ConsoleApplication2\03_ConsoleApplication2.csproj", "{058D3DF3-3030-4EB4-9016-EC55E36483D1}"
EndProject
Project("{FAE04EC0-301F-11D3-BF4B-00C04F79EFBC}") = "05_FindBits", "05_FindBits\05_FindBits.csproj", "{74676FEF-683B-4FE1-92CC-736FA4CB9453}"
EndProject
Project("{FAE04EC0-301F-11D3-BF4B-00C04F79EFBC}") = "04_Ex-rug", "04_aEx-rug\04_Ex-rug.csproj", "{F1724A84-4B7F-4E8B-A0DE-53CEF0E976F0}"
EndProject
Global
	GlobalSection(SolutionConfigurationPlatforms) = preSolution
		Debug|Any CPU = Debug|Any CPU
		Release|Any CPU = Release|Any CPU
	EndGlobalSection
	GlobalSection(ProjectConfigurationPlatforms) = postSolution
		{FC05CF53-5EF7-4A41-98CB-FA97241FD5B3}.Debug|Any CPU.ActiveCfg = Debug|Any CPU
		{FC05CF53-5EF7-4A41-98CB-FA97241FD5B3}.Debug|Any CPU.Build.0 = Debug|Any CPU
		{FC05CF53-5EF7-4A41-98CB-FA97241FD5B3}.Release|Any CPU.ActiveCfg = Release|Any CPU
		{FC05CF53-5EF7-4A41-98CB-FA97241FD5B3}.Release|Any CPU.Build.0 = Release|Any CPU
		{AB541B28-1C3B-499F-8F3D-4CBE0A7426C2}.Debug|Any CPU.ActiveCfg = Debug|Any CPU
		{AB541B28-1C3B-499F-8F3D-4CBE0A7426C2}.Debug|Any CPU.Build.0 = Debug|Any CPU
		{AB541B28-1C3B-499F-8F3D-4CBE0A7426C2}.Release|Any CPU.ActiveCfg = Release|Any CPU
		{AB541B28-1C3B-499F-8F3D-4CBE0A7426C2}.Release|Any CPU.Build.0 = Release|Any CPU
		{058D3DF3-3030-4EB4-9016-EC55E36483D1}.Debug|Any CPU.ActiveCfg = Debug|Any CPU
		{058D3DF3-3030-4EB4-9016-EC55E36483D1}.Debug|Any CPU.Build.0 = Debug|Any CPU
		{058D3DF3-3030-4EB4-9016-EC55E36483D1}.Release|Any CPU.ActiveCfg = Release|Any CPU
		{058D3DF3-3030-4EB4-9016-EC55E36483D1}.Release|Any CPU.Build.0 = Release|Any CPU
		{74676FEF-683B-4FE1-92CC-736FA4CB9453}.Debug|Any CPU.ActiveCfg = Debug|Any CPU
		{74676FEF-683B-4FE1-92CC-736FA4CB9453}.Debug|Any CPU.Build.0 = Debug|Any CPU
		{74676FEF-683B-4FE1-92CC-736FA4CB9453}.Release|Any CPU.ActiveCfg = Release|Any CPU
		{74676FEF-683B-4FE1-92CC-736FA4CB9453}.Release|Any CPU.Build.0 = Release|Any CPU
		{F1724A84-4B7F-4E8B-A0DE-53CEF0E976F0}.Debug|Any CPU.ActiveCfg = Debug|Any CPU
		{F1724A84-4B7F-4E8B-A0DE-53CEF0E976F0}.Debug|Any CPU.Build.0 = Debug|Any CPU
		{F1724A84-4B7F-4E8B-A0DE-53CEF0E976F0}.Release|Any CPU.ActiveCfg = Release|Any CPU
		{F1724A84-4B7F-4E8B-A0DE-53CEF0E976F0}.Release|Any CPU.Build.0 = Release|Any CPU
	EndGlobalSection
	GlobalSection(SolutionProperties) = preSolution
		HideSolutionNode = FALSE
	EndGlobalSection
EndGlobal
