
Microsoft Visual Studio Solution File, Format Version 12.00
# Visual Studio 2013
VisualStudioVersion = 12.0.31101.0
MinimumVisualStudioVersion = 10.0.40219.1
Project("{FAE04EC0-301F-11D3-BF4B-00C04F79EFBC}") = "01.Student", "01.Student\01.Student.csproj", "{DC5239D1-3BFF-4F50-91B5-01A31C4CE30C}"
EndProject
Project("{FAE04EC0-301F-11D3-BF4B-00C04F79EFBC}") = "02.Person", "02.Person\02.Person.csproj", "{A89F7073-3F42-454D-901A-2728176BC7F4}"
EndProject
Project("{FAE04EC0-301F-11D3-BF4B-00C04F79EFBC}") = "03.64BitArray", "03.64BitArray\03.64BitArray.csproj", "{462C2858-2C2E-4209-AC2C-023F6350B537}"
EndProject
Global
	GlobalSection(SolutionConfigurationPlatforms) = preSolution
		Debug|Any CPU = Debug|Any CPU
		Release|Any CPU = Release|Any CPU
	EndGlobalSection
	GlobalSection(ProjectConfigurationPlatforms) = postSolution
		{DC5239D1-3BFF-4F50-91B5-01A31C4CE30C}.Debug|Any CPU.ActiveCfg = Debug|Any CPU
		{DC5239D1-3BFF-4F50-91B5-01A31C4CE30C}.Debug|Any CPU.Build.0 = Debug|Any CPU
		{DC5239D1-3BFF-4F50-91B5-01A31C4CE30C}.Release|Any CPU.ActiveCfg = Release|Any CPU
		{DC5239D1-3BFF-4F50-91B5-01A31C4CE30C}.Release|Any CPU.Build.0 = Release|Any CPU
		{A89F7073-3F42-454D-901A-2728176BC7F4}.Debug|Any CPU.ActiveCfg = Debug|Any CPU
		{A89F7073-3F42-454D-901A-2728176BC7F4}.Debug|Any CPU.Build.0 = Debug|Any CPU
		{A89F7073-3F42-454D-901A-2728176BC7F4}.Release|Any CPU.ActiveCfg = Release|Any CPU
		{A89F7073-3F42-454D-901A-2728176BC7F4}.Release|Any CPU.Build.0 = Release|Any CPU
		{462C2858-2C2E-4209-AC2C-023F6350B537}.Debug|Any CPU.ActiveCfg = Debug|Any CPU
		{462C2858-2C2E-4209-AC2C-023F6350B537}.Debug|Any CPU.Build.0 = Debug|Any CPU
		{462C2858-2C2E-4209-AC2C-023F6350B537}.Release|Any CPU.ActiveCfg = Release|Any CPU
		{462C2858-2C2E-4209-AC2C-023F6350B537}.Release|Any CPU.Build.0 = Release|Any CPU
	EndGlobalSection
	GlobalSection(SolutionProperties) = preSolution
		HideSolutionNode = FALSE
	EndGlobalSection
EndGlobal
